// !$*UTF8*$!
{
	archiveVersion = 1;
	classes = {
	};
	objectVersion = 55;
	objects = {

/* Begin PBXBuildFile section */
		3693161028A1711C00BC76FF /* A_Module.framework in Frameworks */ = {isa = PBXBuildFile; fileRef = 3693160C28A1706800BC76FF /* A_Module.framework */; };
		3693161128A1711C00BC76FF /* A_Module.framework in Embed Frameworks */ = {isa = PBXBuildFile; fileRef = 3693160C28A1706800BC76FF /* A_Module.framework */; settings = {ATTRIBUTES = (CodeSignOnCopy, RemoveHeadersOnCopy, ); }; };
		36DAE84828A16CEA00353A0E /* AppDelegate.swift in Sources */ = {isa = PBXBuildFile; fileRef = 36DAE84728A16CEA00353A0E /* AppDelegate.swift */; };
		36DAE84A28A16CEA00353A0E /* SceneDelegate.swift in Sources */ = {isa = PBXBuildFile; fileRef = 36DAE84928A16CEA00353A0E /* SceneDelegate.swift */; };
		36DAE84C28A16CEA00353A0E /* ViewController.swift in Sources */ = {isa = PBXBuildFile; fileRef = 36DAE84B28A16CEA00353A0E /* ViewController.swift */; };
		36DAE84F28A16CEA00353A0E /* Main.storyboard in Resources */ = {isa = PBXBuildFile; fileRef = 36DAE84D28A16CEA00353A0E /* Main.storyboard */; };
		36DAE85128A16CEC00353A0E /* Assets.xcassets in Resources */ = {isa = PBXBuildFile; fileRef = 36DAE85028A16CEC00353A0E /* Assets.xcassets */; };
		36DAE85428A16CEC00353A0E /* LaunchScreen.storyboard in Resources */ = {isa = PBXBuildFile; fileRef = 36DAE85228A16CEC00353A0E /* LaunchScreen.storyboard */; };
/* End PBXBuildFile section */

/* Begin PBXContainerItemProxy section */
		3693160B28A1706800BC76FF /* PBXContainerItemProxy */ = {
			isa = PBXContainerItemProxy;
			containerPortal = 3693160628A1706800BC76FF /* A Module.xcodeproj */;
			proxyType = 2;
			remoteGlobalIDString = 36DAE86528A16DCC00353A0E;
			remoteInfo = "A Module";
		};
		3693160D28A1706800BC76FF /* PBXContainerItemProxy */ = {
			isa = PBXContainerItemProxy;
			containerPortal = 3693160628A1706800BC76FF /* A Module.xcodeproj */;
			proxyType = 2;
			remoteGlobalIDString = 36DAE86F28A16DCD00353A0E;
			remoteInfo = "A ModuleTests";
		};
/* End PBXContainerItemProxy section */

/* Begin PBXCopyFilesBuildPhase section */
		3693161228A1711D00BC76FF /* Embed Frameworks */ = {
			isa = PBXCopyFilesBuildPhase;
			buildActionMask = 2147483647;
			dstPath = "";
			dstSubfolderSpec = 10;
			files = (
				3693161128A1711C00BC76FF /* A_Module.framework in Embed Frameworks */,
			);
			name = "Embed Frameworks";
			runOnlyForDeploymentPostprocessing = 0;
		};
/* End PBXCopyFilesBuildPhase section */

/* Begin PBXFileReference section */
		3693160628A1706800BC76FF /* A Module.xcodeproj */ = {isa = PBXFileReference; lastKnownFileType = "wrapper.pb-project"; name = "A Module.xcodeproj"; path = "A-Module/A Module.xcodeproj"; sourceTree = "<group>"; };
		36DAE84428A16CEA00353A0E /* A Project.app */ = {isa = PBXFileReference; explicitFileType = wrapper.application; includeInIndex = 0; path = "A Project.app"; sourceTree = BUILT_PRODUCTS_DIR; };
		36DAE84728A16CEA00353A0E /* AppDelegate.swift */ = {isa = PBXFileReference; lastKnownFileType = sourcecode.swift; path = AppDelegate.swift; sourceTree = "<group>"; };
		36DAE84928A16CEA00353A0E /* SceneDelegate.swift */ = {isa = PBXFileReference; lastKnownFileType = sourcecode.swift; path = SceneDelegate.swift; sourceTree = "<group>"; };
		36DAE84B28A16CEA00353A0E /* ViewController.swift */ = {isa = PBXFileReference; lastKnownFileType = sourcecode.swift; path = ViewController.swift; sourceTree = "<group>"; };
		36DAE84E28A16CEA00353A0E /* Base */ = {isa = PBXFileReference; lastKnownFileType = file.storyboard; name = Base; path = Base.lproj/Main.storyboard; sourceTree = "<group>"; };
		36DAE85028A16CEC00353A0E /* Assets.xcassets */ = {isa = PBXFileReference; lastKnownFileType = folder.assetcatalog; path = Assets.xcassets; sourceTree = "<group>"; };
		36DAE85328A16CEC00353A0E /* Base */ = {isa = PBXFileReference; lastKnownFileType = file.storyboard; name = Base; path = Base.lproj/LaunchScreen.storyboard; sourceTree = "<group>"; };
		36DAE85528A16CEC00353A0E /* Info.plist */ = {isa = PBXFileReference; lastKnownFileType = text.plist.xml; path = Info.plist; sourceTree = "<group>"; };
/* End PBXFileReference section */

/* Begin PBXFrameworksBuildPhase section */
		36DAE84128A16CEA00353A0E /* Frameworks */ = {
			isa = PBXFrameworksBuildPhase;
			buildActionMask = 2147483647;
			files = (
				3693161028A1711C00BC76FF /* A_Module.framework in Frameworks */,
			);
			runOnlyForDeploymentPostprocessing = 0;
		};
/* End PBXFrameworksBuildPhase section */

/* Begin PBXGroup section */
		3693160728A1706800BC76FF /* Products */ = {
			isa = PBXGroup;
			children = (
				3693160C28A1706800BC76FF /* A_Module.framework */,
				3693160E28A1706800BC76FF /* A ModuleTests.xctest */,
			);
			name = Products;
			sourceTree = "<group>";
		};
		3693160F28A1711200BC76FF /* Frameworks */ = {
			isa = PBXGroup;
			children = (
			);
			name = Frameworks;
			sourceTree = "<group>";
		};
		36DAE83B28A16CEA00353A0E = {
			isa = PBXGroup;
			children = (
				3693160628A1706800BC76FF /* A Module.xcodeproj */,
				36DAE84628A16CEA00353A0E /* A Project */,
				36DAE84528A16CEA00353A0E /* Products */,
				3693160F28A1711200BC76FF /* Frameworks */,
			);
			sourceTree = "<group>";
		};
		36DAE84528A16CEA00353A0E /* Products */ = {
			isa = PBXGroup;
			children = (
				36DAE84428A16CEA00353A0E /* A Project.app */,
			);
			name = Products;
			sourceTree = "<group>";
		};
		36DAE84628A16CEA00353A0E /* A Project */ = {
			isa = PBXGroup;
			children = (
				36DAE84728A16CEA00353A0E /* AppDelegate.swift */,
				36DAE84928A16CEA00353A0E /* SceneDelegate.swift */,
				36DAE84B28A16CEA00353A0E /* ViewController.swift */,
				36DAE84D28A16CEA00353A0E /* Main.storyboard */,
				36DAE85028A16CEC00353A0E /* Assets.xcassets */,
				36DAE85228A16CEC00353A0E /* LaunchScreen.storyboard */,
				36DAE85528A16CEC00353A0E /* Info.plist */,
			);
			path = "A Project";
			sourceTree = "<group>";
		};
/* End PBXGroup section */

/* Begin PBXNativeTarget section */
		36DAE84328A16CEA00353A0E /* A Project */ = {
			isa = PBXNativeTarget;
			buildConfigurationList = 36DAE85828A16CEC00353A0E /* Build configuration list for PBXNativeTarget "A Project" */;
			buildPhases = (
				36DAE84028A16CEA00353A0E /* Sources */,
				36DAE84128A16CEA00353A0E /* Frameworks */,
				36DAE84228A16CEA00353A0E /* Resources */,
				3693161228A1711D00BC76FF /* Embed Frameworks */,
			);
			buildRules = (
			);
			dependencies = (
			);
			name = "A Project";
			productName = "A Project";
			productReference = 36DAE84428A16CEA00353A0E /* A Project.app */;
			productType = "com.apple.product-type.application";
		};
/* End PBXNativeTarget section */

/* Begin PBXProject section */
		36DAE83C28A16CEA00353A0E /* Project object */ = {
			isa = PBXProject;
			attributes = {
				BuildIndependentTargetsInParallel = 1;
				LastSwiftUpdateCheck = 1340;
				LastUpgradeCheck = 1340;
				TargetAttributes = {
					36DAE84328A16CEA00353A0E = {
						CreatedOnToolsVersion = 13.4.1;
					};
				};
			};
			buildConfigurationList = 36DAE83F28A16CEA00353A0E /* Build configuration list for PBXProject "A Project" */;
			compatibilityVersion = "Xcode 13.0";
			developmentRegion = en;
			hasScannedForEncodings = 0;
			knownRegions = (
				en,
				Base,
			);
			mainGroup = 36DAE83B28A16CEA00353A0E;
			productRefGroup = 36DAE84528A16CEA00353A0E /* Products */;
			projectDirPath = "";
			projectReferences = (
				{
					ProductGroup = 3693160728A1706800BC76FF /* Products */;
					ProjectRef = 3693160628A1706800BC76FF /* A Module.xcodeproj */;
				},
			);
			projectRoot = "";
			targets = (
				36DAE84328A16CEA00353A0E /* A Project */,
			);
		};
/* End PBXProject section */

/* Begin PBXReferenceProxy section */
		3693160C28A1706800BC76FF /* A_Module.framework */ = {
			isa = PBXReferenceProxy;
			fileType = wrapper.framework;
			path = A_Module.framework;
			remoteRef = 3693160B28A1706800BC76FF /* PBXContainerItemProxy */;
			sourceTree = BUILT_PRODUCTS_DIR;
		};
		3693160E28A1706800BC76FF /* A ModuleTests.xctest */ = {
			isa = PBXReferenceProxy;
			fileType = wrapper.cfbundle;
			path = "A ModuleTests.xctest";
			remoteRef = 3693160D28A1706800BC76FF /* PBXContainerItemProxy */;
			sourceTree = BUILT_PRODUCTS_DIR;
		};
/* End PBXReferenceProxy section */

/* Begin PBXResourcesBuildPhase section */
		36DAE84228A16CEA00353A0E /* Resources */ = {
			isa = PBXResourcesBuildPhase;
			buildActionMask = 2147483647;
			files = (
				36DAE85428A16CEC00353A0E /* LaunchScreen.storyboard in Resources */,
				36DAE85128A16CEC00353A0E /* Assets.xcassets in Resources */,
				36DAE84F28A16CEA00353A0E /* Main.storyboard in Resources */,
			);
			runOnlyForDeploymentPostprocessing = 0;
		};
/* End PBXResourcesBuildPhase section */

/* Begin PBXSourcesBuildPhase section */
		36DAE84028A16CEA00353A0E /* Sources */ = {
			isa = PBXSourcesBuildPhase;
			buildActionMask = 2147483647;
			files = (
				36DAE84C28A16CEA00353A0E /* ViewController.swift in Sources */,
				36DAE84828A16CEA00353A0E /* AppDelegate.swift in Sources */,
				36DAE84A28A16CEA00353A0E /* SceneDelegate.swift in Sources */,
			);
			runOnlyForDeploymentPostprocessing = 0;
		};
/* End PBXSourcesBuildPhase section */

/* Begin PBXVariantGroup section */
		36DAE84D28A16CEA00353A0E /* Main.storyboard */ = {
			isa = PBXVariantGroup;
			children = (
				36DAE84E28A16CEA00353A0E /* Base */,
			);
			name = Main.storyboard;
			sourceTree = "<group>";
		};
		36DAE85228A16CEC00353A0E /* LaunchScreen.storyboard */ = {
			isa = PBXVariantGroup;
			children = (
				36DAE85328A16CEC00353A0E /* Base */,
			);
			name = LaunchScreen.storyboard;
			sourceTree = "<group>";
		};
/* End PBXVariantGroup section */

/* Begin XCBuildConfiguration section */
		36DAE85628A16CEC00353A0E /* Debug */ = {
			isa = XCBuildConfiguration;
			buildSettings = {
				ALWAYS_SEARCH_USER_PATHS = NO;
				CLANG_ANALYZER_NONNULL = YES;
				CLANG_ANALYZER_NUMBER_OBJECT_CONVERSION = YES_AGGRESSIVE;
				CLANG_CXX_LANGUAGE_STANDARD = "gnu++17";
				CLANG_ENABLE_MODULES = YES;
				CLANG_ENABLE_OBJC_ARC = YES;
				CLANG_ENABLE_OBJC_WEAK = YES;
				CLANG_WARN_BLOCK_CAPTURE_AUTORELEASING = YES;
				CLANG_WARN_BOOL_CONVERSION = YES;
				CLANG_WARN_COMMA = YES;
				CLANG_WARN_CONSTANT_CONVERSION = YES;
				CLANG_WARN_DEPRECATED_OBJC_IMPLEMENTATIONS = YES;
				CLANG_WARN_DIRECT_OBJC_ISA_USAGE = YES_ERROR;
				CLANG_WARN_DOCUMENTATION_COMMENTS = YES;
				CLANG_WARN_EMPTY_BODY = YES;
				CLANG_WARN_ENUM_CONVERSION = YES;
				CLANG_WARN_INFINITE_RECURSION = YES;
				CLANG_WARN_INT_CONVERSION = YES;
				CLANG_WARN_NON_LITERAL_NULL_CONVERSION = YES;
				CLANG_WARN_OBJC_IMPLICIT_RETAIN_SELF = YES;
				CLANG_WARN_OBJC_LITERAL_CONVERSION = YES;
				CLANG_WARN_OBJC_ROOT_CLASS = YES_ERROR;
				CLANG_WARN_QUOTED_INCLUDE_IN_FRAMEWORK_HEADER = YES;
				CLANG_WARN_RANGE_LOOP_ANALYSIS = YES;
				CLANG_WARN_STRICT_PROTOTYPES = YES;
				CLANG_WARN_SUSPICIOUS_MOVE = YES;
				CLANG_WARN_UNGUARDED_AVAILABILITY = YES_AGGRESSIVE;
				CLANG_WARN_UNREACHABLE_CODE = YES;
				CLANG_WARN__DUPLICATE_METHOD_MATCH = YES;
				COPY_PHASE_STRIP = NO;
				DEBUG_INFORMATION_FORMAT = dwarf;
				ENABLE_STRICT_OBJC_MSGSEND = YES;
				ENABLE_TESTABILITY = YES;
				GCC_C_LANGUAGE_STANDARD = gnu11;
				GCC_DYNAMIC_NO_PIC = NO;
				GCC_NO_COMMON_BLOCKS = YES;
				GCC_OPTIMIZATION_LEVEL = 0;
				GCC_PREPROCESSOR_DEFINITIONS = (
					"DEBUG=1",
					"$(inherited)",
				);
				GCC_WARN_64_TO_32_BIT_CONVERSION = YES;
				GCC_WARN_ABOUT_RETURN_TYPE = YES_ERROR;
				GCC_WARN_UNDECLARED_SELECTOR = YES;
				GCC_WARN_UNINITIALIZED_AUTOS = YES_AGGRESSIVE;
				GCC_WARN_UNUSED_FUNCTION = YES;
				GCC_WARN_UNUSED_VARIABLE = YES;
				IPHONEOS_DEPLOYMENT_TARGET = 15.5;
				MTL_ENABLE_DEBUG_INFO = INCLUDE_SOURCE;
				MTL_FAST_MATH = YES;
				ONLY_ACTIVE_ARCH = YES;
				SDKROOT = iphoneos;
				SWIFT_ACTIVE_COMPILATION_CONDITIONS = DEBUG;
				SWIFT_OPTIMIZATION_LEVEL = "-Onone";
			};
			name = Debug;
		};
		36DAE85728A16CEC00353A0E /* Release */ = {
			isa = XCBuildConfiguration;
			buildSettings = {
				ALWAYS_SEARCH_USER_PATHS = NO;
				CLANG_ANALYZER_NONNULL = YES;
				CLANG_ANALYZER_NUMBER_OBJECT_CONVERSION = YES_AGGRESSIVE;
				CLANG_CXX_LANGUAGE_STANDARD = "gnu++17";
				CLANG_ENABLE_MODULES = YES;
				CLANG_ENABLE_OBJC_ARC = YES;
				CLANG_ENABLE_OBJC_WEAK = YES;
				CLANG_WARN_BLOCK_CAPTURE_AUTORELEASING = YES;
				CLANG_WARN_BOOL_CONVERSION = YES;
				CLANG_WARN_COMMA = YES;
				CLANG_WARN_CONSTANT_CONVERSION = YES;
				CLANG_WARN_DEPRECATED_OBJC_IMPLEMENTATIONS = YES;
				CLANG_WARN_DIRECT_OBJC_ISA_USAGE = YES_ERROR;
				CLANG_WARN_DOCUMENTATION_COMMENTS = YES;
				CLANG_WARN_EMPTY_BODY = YES;
				CLANG_WARN_ENUM_CONVERSION = YES;
				CLANG_WARN_INFINITE_RECURSION = YES;
				CLANG_WARN_INT_CONVERSION = YES;
				CLANG_WARN_NON_LITERAL_NULL_CONVERSION = YES;
				CLANG_WARN_OBJC_IMPLICIT_RETAIN_SELF = YES;
				CLANG_WARN_OBJC_LITERAL_CONVERSION = YES;
				CLANG_WARN_OBJC_ROOT_CLASS = YES_ERROR;
				CLANG_WARN_QUOTED_INCLUDE_IN_FRAMEWORK_HEADER = YES;
				CLANG_WARN_RANGE_LOOP_ANALYSIS = YES;
				CLANG_WARN_STRICT_PROTOTYPES = YES;
				CLANG_WARN_SUSPICIOUS_MOVE = YES;
				CLANG_WARN_UNGUARDED_AVAILABILITY = YES_AGGRESSIVE;
				CLANG_WARN_UNREACHABLE_CODE = YES;
				CLANG_WARN__DUPLICATE_METHOD_MATCH = YES;
				COPY_PHASE_STRIP = NO;
				DEBUG_INFORMATION_FORMAT = "dwarf-with-dsym";
				ENABLE_NS_ASSERTIONS = NO;
				ENABLE_STRICT_OBJC_MSGSEND = YES;
				GCC_C_LANGUAGE_STANDARD = gnu11;
				GCC_NO_COMMON_BLOCKS = YES;
				GCC_WARN_64_TO_32_BIT_CONVERSION = YES;
				GCC_WARN_ABOUT_RETURN_TYPE = YES_ERROR;
				GCC_WARN_UNDECLARED_SELECTOR = YES;
				GCC_WARN_UNINITIALIZED_AUTOS = YES_AGGRESSIVE;
				GCC_WARN_UNUSED_FUNCTION = YES;
				GCC_WARN_UNUSED_VARIABLE = YES;
				IPHONEOS_DEPLOYMENT_TARGET = 15.5;
				MTL_ENABLE_DEBUG_INFO = NO;
				MTL_FAST_MATH = YES;
				SDKROOT = iphoneos;
				SWIFT_COMPILATION_MODE = wholemodule;
				SWIFT_OPTIMIZATION_LEVEL = "-O";
				VALIDATE_PRODUCT = YES;
			};
			name = Release;
		};
		36DAE85928A16CEC00353A0E /* Debug */ = {
			isa = XCBuildConfiguration;
			buildSettings = {
				ASSETCATALOG_COMPILER_APPICON_NAME = AppIcon;
				ASSETCATALOG_COMPILER_GLOBAL_ACCENT_COLOR_NAME = AccentColor;
				CODE_SIGN_STYLE = Automatic;
				CURRENT_PROJECT_VERSION = 1;
				DEVELOPMENT_TEAM = CH2MS8VXY4;
				GENERATE_INFOPLIST_FILE = YES;
				INFOPLIST_FILE = "A Project/Info.plist";
				INFOPLIST_KEY_UIApplicationSupportsIndirectInputEvents = YES;
				INFOPLIST_KEY_UILaunchStoryboardName = LaunchScreen;
				INFOPLIST_KEY_UIMainStoryboardFile = Main;
				INFOPLIST_KEY_UISupportedInterfaceOrientations_iPad = "UIInterfaceOrientationPortrait UIInterfaceOrientationPortraitUpsideDown UIInterfaceOrientationLandscapeLeft UIInterfaceOrientationLandscapeRight";
				INFOPLIST_KEY_UISupportedInterfaceOrientations_iPhone = "UIInterfaceOrientationPortrait UIInterfaceOrientationLandscapeLeft UIInterfaceOrientationLandscapeRight";
				LD_RUNPATH_SEARCH_PATHS = (
					"$(inherited)",
					"@executable_path/Frameworks",
				);
				MARKETING_VERSION = 1.0;
				PRODUCT_BUNDLE_IDENTIFIER = "www.youbidan-project.tistory.A-Project";
				PRODUCT_NAME = "$(TARGET_NAME)";
				SWIFT_EMIT_LOC_STRINGS = YES;
				SWIFT_VERSION = 5.0;
				TARGETED_DEVICE_FAMILY = "1,2";
			};
			name = Debug;
		};
		36DAE85A28A16CEC00353A0E /* Release */ = {
			isa = XCBuildConfiguration;
			buildSettings = {
				ASSETCATALOG_COMPILER_APPICON_NAME = AppIcon;
				ASSETCATALOG_COMPILER_GLOBAL_ACCENT_COLOR_NAME = AccentColor;
				CODE_SIGN_STYLE = Automatic;
				CURRENT_PROJECT_VERSION = 1;
				DEVELOPMENT_TEAM = CH2MS8VXY4;
				GENERATE_INFOPLIST_FILE = YES;
				INFOPLIST_FILE = "A Project/Info.plist";
				INFOPLIST_KEY_UIApplicationSupportsIndirectInputEvents = YES;
				INFOPLIST_KEY_UILaunchStoryboardName = LaunchScreen;
				INFOPLIST_KEY_UIMainStoryboardFile = Main;
				INFOPLIST_KEY_UISupportedInterfaceOrientations_iPad = "UIInterfaceOrientationPortrait UIInterfaceOrientationPortraitUpsideDown UIInterfaceOrientationLandscapeLeft UIInterfaceOrientationLandscapeRight";
				INFOPLIST_KEY_UISupportedInterfaceOrientations_iPhone = "UIInterfaceOrientationPortrait UIInterfaceOrientationLandscapeLeft UIInterfaceOrientationLandscapeRight";
				LD_RUNPATH_SEARCH_PATHS = (
					"$(inherited)",
					"@executable_path/Frameworks",
				);
				MARKETING_VERSION = 1.0;
				PRODUCT_BUNDLE_IDENTIFIER = "www.youbidan-project.tistory.A-Project";
				PRODUCT_NAME = "$(TARGET_NAME)";
				SWIFT_EMIT_LOC_STRINGS = YES;
				SWIFT_VERSION = 5.0;
				TARGETED_DEVICE_FAMILY = "1,2";
			};
			name = Release;
		};
/* End XCBuildConfiguration section */

/* Begin XCConfigurationList section */
		36DAE83F28A16CEA00353A0E /* Build configuration list for PBXProject "A Project" */ = {
			isa = XCConfigurationList;
			buildConfigurations = (
				36DAE85628A16CEC00353A0E /* Debug */,
				36DAE85728A16CEC00353A0E /* Release */,
			);
			defaultConfigurationIsVisible = 0;
			defaultConfigurationName = Release;
		};
		36DAE85828A16CEC00353A0E /* Build configuration list for PBXNativeTarget "A Project" */ = {
			isa = XCConfigurationList;
			buildConfigurations = (
				36DAE85928A16CEC00353A0E /* Debug */,
				36DAE85A28A16CEC00353A0E /* Release */,
			);
			defaultConfigurationIsVisible = 0;
			defaultConfigurationName = Release;
		};
/* End XCConfigurationList section */
	};
	rootObject = 36DAE83C28A16CEA00353A0E /* Project object */;
}
